
Microsoft Visual Studio Solution File, Format Version 12.00
# Visual Studio Version 16
VisualStudioVersion = 16.0.33130.400
MinimumVisualStudioVersion = 10.0.40219.1
Project("{FAE04EC0-301F-11D3-BF4B-00C04F79EFBC}") = "GetCredValue", "GetCredValue.csproj", "{B4B68D07-7C6C-4943-BC9A-6A34E5F10EA8}"
EndProject
Global
	GlobalSection(SolutionConfigurationPlatforms) = preSolution
		Debug|Any CPU = Debug|Any CPU
		Release|Any CPU = Release|Any CPU
	EndGlobalSection
	GlobalSection(ProjectConfigurationPlatforms) = postSolution
		{B4B68D07-7C6C-4943-BC9A-6A34E5F10EA8}.Debug|Any CPU.ActiveCfg = Debug|Any CPU
		{B4B68D07-7C6C-4943-BC9A-6A34E5F10EA8}.Debug|Any CPU.Build.0 = Debug|Any CPU
		{B4B68D07-7C6C-4943-BC9A-6A34E5F10EA8}.Release|Any CPU.ActiveCfg = Release|Any CPU
		{B4B68D07-7C6C-4943-BC9A-6A34E5F10EA8}.Release|Any CPU.Build.0 = Release|Any CPU
	EndGlobalSection
	GlobalSection(SolutionProperties) = preSolution
		HideSolutionNode = FALSE
	EndGlobalSection
	GlobalSection(ExtensibilityGlobals) = postSolution
		SolutionGuid = {C71B73F1-14C9-4EDE-91E7-C9DCCDB9DCAC}
	EndGlobalSection
EndGlobal
